# This file is autogenerated, do not edit; changes may be undone by the next 'dep ensure'.


[[projects]]
  name = "github.com/boltdb/bolt"
  packages = ["."]
  revision = "2f1ce7a837dcb8da3ec595b1dac9d0632f0f99e8"
  version = "v1.3.1"

[[projects]]
  branch = "master"
  name = "github.com/goburrow/serial"
  packages = ["."]
  revision = "5efbe925ecf714f8ba147bf2226f2e7afc7111bc"

[[projects]]
  branch = "master"
  name = "golang.org/x/sys"
  packages = ["unix"]
  revision = "8dbc5d05d6edcc104950cc299a1ce6641235bc86"

[solve-meta]
  analyzer-name = "dep"
  analyzer-version = 1
  inputs-digest = "69e1160b26f33e4e95b7a2f759b67be9dfd34537063daeb566f311c4a1214d85"
  solver-name = "gps-cdcl"
  solver-version = 1
